
Microsoft Visual Studio Solution File, Format Version 12.00
# Visual Studio Version 17
VisualStudioVersion = 17.3.32929.385
MinimumVisualStudioVersion = 10.0.40219.1
Project("{FAE04EC0-301F-11D3-BF4B-00C04F79EFBC}") = "CatalogOnline", "CatalogOnline.csproj", "{8145DB87-EA72-41C4-8329-2F1B86DBDC8B}"
EndProject
Global
	GlobalSection(SolutionConfigurationPlatforms) = preSolution
		Debug|Any CPU = Debug|Any CPU
		Release|Any CPU = Release|Any CPU
	EndGlobalSection
	GlobalSection(ProjectConfigurationPlatforms) = postSolution
		{8145DB87-EA72-41C4-8329-2F1B86DBDC8B}.Debug|Any CPU.ActiveCfg = Debug|Any CPU
		{8145DB87-EA72-41C4-8329-2F1B86DBDC8B}.Debug|Any CPU.Build.0 = Debug|Any CPU
		{8145DB87-EA72-41C4-8329-2F1B86DBDC8B}.Release|Any CPU.ActiveCfg = Release|Any CPU
		{8145DB87-EA72-41C4-8329-2F1B86DBDC8B}.Release|Any CPU.Build.0 = Release|Any CPU
	EndGlobalSection
	GlobalSection(SolutionProperties) = preSolution
		HideSolutionNode = FALSE
	EndGlobalSection
	GlobalSection(ExtensibilityGlobals) = postSolution
		SolutionGuid = {A93F237A-60CB-45FA-9F91-973FE8BDFA3B}
	EndGlobalSection
EndGlobal
